
Microsoft Visual Studio Solution File, Format Version 12.00
Project("{FAE04EC0-301F-11D3-BF4B-00C04F79EFBC}") = "TheoryOfAlg_lab3", "TheoryOfAlg_lab3\TheoryOfAlg_lab3.csproj", "{CF41CCFD-00B6-4EB2-A25B-034F62D869F2}"
EndProject
Project("{FAE04EC0-301F-11D3-BF4B-00C04F79EFBC}") = "HashTableUnitTest", "HashTableUnitTest\HashTableUnitTest.csproj", "{36CB90B5-8C41-4E75-BE35-36B88AB8BA0A}"
EndProject
Global
	GlobalSection(SolutionConfigurationPlatforms) = preSolution
		Debug|Any CPU = Debug|Any CPU
		Release|Any CPU = Release|Any CPU
	EndGlobalSection
	GlobalSection(ProjectConfigurationPlatforms) = postSolution
		{CF41CCFD-00B6-4EB2-A25B-034F62D869F2}.Debug|Any CPU.ActiveCfg = Debug|Any CPU
		{CF41CCFD-00B6-4EB2-A25B-034F62D869F2}.Debug|Any CPU.Build.0 = Debug|Any CPU
		{CF41CCFD-00B6-4EB2-A25B-034F62D869F2}.Release|Any CPU.ActiveCfg = Release|Any CPU
		{CF41CCFD-00B6-4EB2-A25B-034F62D869F2}.Release|Any CPU.Build.0 = Release|Any CPU
		{36CB90B5-8C41-4E75-BE35-36B88AB8BA0A}.Debug|Any CPU.ActiveCfg = Debug|Any CPU
		{36CB90B5-8C41-4E75-BE35-36B88AB8BA0A}.Debug|Any CPU.Build.0 = Debug|Any CPU
		{36CB90B5-8C41-4E75-BE35-36B88AB8BA0A}.Release|Any CPU.ActiveCfg = Release|Any CPU
		{36CB90B5-8C41-4E75-BE35-36B88AB8BA0A}.Release|Any CPU.Build.0 = Release|Any CPU
	EndGlobalSection
EndGlobal
